
Microsoft Visual Studio Solution File, Format Version 12.00
# Visual Studio Version 16
VisualStudioVersion = 16.0.29215.179
MinimumVisualStudioVersion = 10.0.40219.1
Project("{FAE04EC0-301F-11D3-BF4B-00C04F79EFBC}") = "NewMoney", "NewMoney.csproj", "{2DAEA5C5-E25C-427D-911C-F35EC0F5722A}"
EndProject
Global
	GlobalSection(SolutionConfigurationPlatforms) = preSolution
		Debug|Any CPU = Debug|Any CPU
		Release|Any CPU = Release|Any CPU
	EndGlobalSection
	GlobalSection(ProjectConfigurationPlatforms) = postSolution
		{2DAEA5C5-E25C-427D-911C-F35EC0F5722A}.Debug|Any CPU.ActiveCfg = Debug|Any CPU
		{2DAEA5C5-E25C-427D-911C-F35EC0F5722A}.Debug|Any CPU.Build.0 = Debug|Any CPU
		{2DAEA5C5-E25C-427D-911C-F35EC0F5722A}.Release|Any CPU.ActiveCfg = Release|Any CPU
		{2DAEA5C5-E25C-427D-911C-F35EC0F5722A}.Release|Any CPU.Build.0 = Release|Any CPU
	EndGlobalSection
	GlobalSection(SolutionProperties) = preSolution
		HideSolutionNode = FALSE
	EndGlobalSection
	GlobalSection(ExtensibilityGlobals) = postSolution
		SolutionGuid = {EC467617-5984-467B-BBBB-A13DB2E6FEC4}
	EndGlobalSection
EndGlobal
